
Microsoft Visual Studio Solution File, Format Version 12.00
# Visual Studio Version 17
VisualStudioVersion = 17.11.35312.102
MinimumVisualStudioVersion = 10.0.40219.1
Project("{9A19103F-16F7-4668-BE54-9A1E7A4F7556}") = "BadmintonBooking", "BadmintonBooking\BadmintonBooking.csproj", "{6AD2BF19-7A6C-45DD-BFF9-0F6B4040877C}"
EndProject
Project("{FAE04EC0-301F-11D3-BF4B-00C04F79EFBC}") = "BadmintonBookingTest", "BadmintonBookingTest\BadmintonBookingTest.csproj", "{173C3766-DBF9-44AB-915C-1ADF718FC41C}"
EndProject
Global
	GlobalSection(SolutionConfigurationPlatforms) = preSolution
		Debug|Any CPU = Debug|Any CPU
		Release|Any CPU = Release|Any CPU
	EndGlobalSection
	GlobalSection(ProjectConfigurationPlatforms) = postSolution
		{6AD2BF19-7A6C-45DD-BFF9-0F6B4040877C}.Debug|Any CPU.ActiveCfg = Debug|Any CPU
		{6AD2BF19-7A6C-45DD-BFF9-0F6B4040877C}.Debug|Any CPU.Build.0 = Debug|Any CPU
		{6AD2BF19-7A6C-45DD-BFF9-0F6B4040877C}.Release|Any CPU.ActiveCfg = Release|Any CPU
		{6AD2BF19-7A6C-45DD-BFF9-0F6B4040877C}.Release|Any CPU.Build.0 = Release|Any CPU
		{173C3766-DBF9-44AB-915C-1ADF718FC41C}.Debug|Any CPU.ActiveCfg = Debug|Any CPU
		{173C3766-DBF9-44AB-915C-1ADF718FC41C}.Debug|Any CPU.Build.0 = Debug|Any CPU
		{173C3766-DBF9-44AB-915C-1ADF718FC41C}.Release|Any CPU.ActiveCfg = Release|Any CPU
		{173C3766-DBF9-44AB-915C-1ADF718FC41C}.Release|Any CPU.Build.0 = Release|Any CPU
	EndGlobalSection
	GlobalSection(SolutionProperties) = preSolution
		HideSolutionNode = FALSE
	EndGlobalSection
	GlobalSection(ExtensibilityGlobals) = postSolution
		SolutionGuid = {1A5040AB-FB65-408C-B18E-763DB22AFCEF}
	EndGlobalSection
EndGlobal
